
Microsoft Visual Studio Solution File, Format Version 12.00
# Visual Studio 15
VisualStudioVersion = 15.0.28307.489
MinimumVisualStudioVersion = 10.0.40219.1
Project("{888888A0-9F3D-457C-B088-3A5042F75D52}") = "PythonDemos", "PythonApplications\PythonDemos.pyproj", "{879EEA50-8D95-4DA0-8F44-99EE05027940}"
EndProject
Project("{2150E333-8FDC-42A3-9474-1A3956D46DE8}") = "Solution Items", "Solution Items", "{70CD9E1C-3D48-41E3-A89F-02B35A6DE68B}"
	ProjectSection(SolutionItems) = preProject
		.gitignore = .gitignore
		readme.md = readme.md
	EndProjectSection
EndProject
Global
	GlobalSection(SolutionConfigurationPlatforms) = preSolution
		Debug|Any CPU = Debug|Any CPU
		Release|Any CPU = Release|Any CPU
	EndGlobalSection
	GlobalSection(ProjectConfigurationPlatforms) = postSolution
		{879EEA50-8D95-4DA0-8F44-99EE05027940}.Debug|Any CPU.ActiveCfg = Debug|Any CPU
		{879EEA50-8D95-4DA0-8F44-99EE05027940}.Release|Any CPU.ActiveCfg = Release|Any CPU
	EndGlobalSection
	GlobalSection(SolutionProperties) = preSolution
		HideSolutionNode = FALSE
	EndGlobalSection
	GlobalSection(ExtensibilityGlobals) = postSolution
		SolutionGuid = {9AA668EB-BDFF-4918-B522-AEB750C9937E}
	EndGlobalSection
EndGlobal
